// !$*UTF8*$!
{
	archiveVersion = 1;
	classes = {
	};
	objectVersion = 46;
	objects = {

/* Begin PBXBuildFile section */
		0D58A0A21C8E2EA20076F47B /* ProfileTableViewController.swift in Sources */ = {isa = PBXBuildFile; fileRef = 0D58A0A11C8E2EA20076F47B /* ProfileTableViewController.swift */; };
		5956B0B81C8FC8FC0075B79A /* EditProfileViewController.swift in Sources */ = {isa = PBXBuildFile; fileRef = 5956B0B71C8FC8FC0075B79A /* EditProfileViewController.swift */; };
		5975B40D1C8E9EFF0096FB4F /* AdobeStock_55512892.jpeg in Resources */ = {isa = PBXBuildFile; fileRef = 5975B40C1C8E9EFF0096FB4F /* AdobeStock_55512892.jpeg */; };
		5975B40F1C8E9F5A0096FB4F /* AdobeStock_93996598.jpeg in Resources */ = {isa = PBXBuildFile; fileRef = 5975B40E1C8E9F5A0096FB4F /* AdobeStock_93996598.jpeg */; };
		59923AC21C8CA38A005F34B0 /* AppDelegate.swift in Sources */ = {isa = PBXBuildFile; fileRef = 59923AC11C8CA38A005F34B0 /* AppDelegate.swift */; };
		59923AC41C8CA38A005F34B0 /* ViewController.swift in Sources */ = {isa = PBXBuildFile; fileRef = 59923AC31C8CA38A005F34B0 /* ViewController.swift */; };
		59923AC91C8CA38A005F34B0 /* Assets.xcassets in Resources */ = {isa = PBXBuildFile; fileRef = 59923AC81C8CA38A005F34B0 /* Assets.xcassets */; };
		59923ACC1C8CA38A005F34B0 /* LaunchScreen.storyboard in Resources */ = {isa = PBXBuildFile; fileRef = 59923ACA1C8CA38A005F34B0 /* LaunchScreen.storyboard */; };
		59923AD41C8CA5A5005F34B0 /* cell.swift in Sources */ = {isa = PBXBuildFile; fileRef = 59923AD31C8CA5A5005F34B0 /* cell.swift */; };
		59923AD81C8CA5B5005F34B0 /* FeedTableViewController.swift in Sources */ = {isa = PBXBuildFile; fileRef = 59923AD51C8CA5B5005F34B0 /* FeedTableViewController.swift */; };
		59923AD91C8CA5B5005F34B0 /* PostImageViewController.swift in Sources */ = {isa = PBXBuildFile; fileRef = 59923AD61C8CA5B5005F34B0 /* PostImageViewController.swift */; };
		59923ADA1C8CA5B5005F34B0 /* TableViewController.swift in Sources */ = {isa = PBXBuildFile; fileRef = 59923AD71C8CA5B5005F34B0 /* TableViewController.swift */; };
		59923AE21C8CA62D005F34B0 /* Bolts.framework in Frameworks */ = {isa = PBXBuildFile; fileRef = 59923ADC1C8CA62D005F34B0 /* Bolts.framework */; };
		59923AE31C8CA62D005F34B0 /* Parse.framework in Frameworks */ = {isa = PBXBuildFile; fileRef = 59923ADD1C8CA62D005F34B0 /* Parse.framework */; };
		59923AE41C8CA62D005F34B0 /* ParseFacebookUtils.framework in Frameworks */ = {isa = PBXBuildFile; fileRef = 59923ADE1C8CA62D005F34B0 /* ParseFacebookUtils.framework */; };
		59923AE51C8CA62D005F34B0 /* ParseFacebookUtilsV4.framework in Frameworks */ = {isa = PBXBuildFile; fileRef = 59923ADF1C8CA62D005F34B0 /* ParseFacebookUtilsV4.framework */; };
		59923AE61C8CA62D005F34B0 /* ParseTwitterUtils.framework in Frameworks */ = {isa = PBXBuildFile; fileRef = 59923AE01C8CA62D005F34B0 /* ParseTwitterUtils.framework */; };
		59923AE71C8CA62D005F34B0 /* ParseUI.framework in Frameworks */ = {isa = PBXBuildFile; fileRef = 59923AE11C8CA62D005F34B0 /* ParseUI.framework */; };
		59923AE91C8CA68F005F34B0 /* CoreLocation.framework in Frameworks */ = {isa = PBXBuildFile; fileRef = 59923AE81C8CA68F005F34B0 /* CoreLocation.framework */; };
		59923AEB1C8CA699005F34B0 /* Security.framework in Frameworks */ = {isa = PBXBuildFile; fileRef = 59923AEA1C8CA699005F34B0 /* Security.framework */; };
		59923AED1C8CA6A4005F34B0 /* StoreKit.framework in Frameworks */ = {isa = PBXBuildFile; fileRef = 59923AEC1C8CA6A4005F34B0 /* StoreKit.framework */; };
		59923AEF1C8CA6B0005F34B0 /* libz.tbd in Frameworks */ = {isa = PBXBuildFile; fileRef = 59923AEE1C8CA6B0005F34B0 /* libz.tbd */; };
		59923AF11C8CA6BB005F34B0 /* libsqlite3.tbd in Frameworks */ = {isa = PBXBuildFile; fileRef = 59923AF01C8CA6BB005F34B0 /* libsqlite3.tbd */; };
		59923AF31C8CA7FE005F34B0 /* AudioToolbox.framework in Frameworks */ = {isa = PBXBuildFile; fileRef = 59923AF21C8CA7FE005F34B0 /* AudioToolbox.framework */; };
		59923AF51C8CA806005F34B0 /* CFNetwork.framework in Frameworks */ = {isa = PBXBuildFile; fileRef = 59923AF41C8CA806005F34B0 /* CFNetwork.framework */; };
		59923AF71C8CA80E005F34B0 /* CoreGraphics.framework in Frameworks */ = {isa = PBXBuildFile; fileRef = 59923AF61C8CA80E005F34B0 /* CoreGraphics.framework */; };
		59923AF91C8CA824005F34B0 /* QuartzCore.framework in Frameworks */ = {isa = PBXBuildFile; fileRef = 59923AF81C8CA824005F34B0 /* QuartzCore.framework */; };
		59923AFB1C8CA84F005F34B0 /* SystemConfiguration.framework in Frameworks */ = {isa = PBXBuildFile; fileRef = 59923AFA1C8CA84F005F34B0 /* SystemConfiguration.framework */; };
		59923AFC1C8CAB1B005F34B0 /* Main.storyboard in Resources */ = {isa = PBXBuildFile; fileRef = 59923AC51C8CA38A005F34B0 /* Main.storyboard */; };
		59923AFE1C8CB8C6005F34B0 /* SignUpViewController.swift in Sources */ = {isa = PBXBuildFile; fileRef = 59923AFD1C8CB8C6005F34B0 /* SignUpViewController.swift */; };
		599BA8321C90052F00931FC2 /* camera.jpg in Resources */ = {isa = PBXBuildFile; fileRef = 599BA8311C90052F00931FC2 /* camera.jpg */; };
		59FA82E01C8F84A600A90D55 /* profile.png in Resources */ = {isa = PBXBuildFile; fileRef = 59FA82DF1C8F84A600A90D55 /* profile.png */; };
/* End PBXBuildFile section */

/* Begin PBXFileReference section */
		0D58A0A11C8E2EA20076F47B /* ProfileTableViewController.swift */ = {isa = PBXFileReference; fileEncoding = 4; lastKnownFileType = sourcecode.swift; name = ProfileTableViewController.swift; path = ../ProfileTableViewController.swift; sourceTree = "<group>"; };
		5956B0B71C8FC8FC0075B79A /* EditProfileViewController.swift */ = {isa = PBXFileReference; fileEncoding = 4; lastKnownFileType = sourcecode.swift; path = EditProfileViewController.swift; sourceTree = "<group>"; };
		5975B40C1C8E9EFF0096FB4F /* AdobeStock_55512892.jpeg */ = {isa = PBXFileReference; lastKnownFileType = image.jpeg; path = AdobeStock_55512892.jpeg; sourceTree = "<group>"; };
		5975B40E1C8E9F5A0096FB4F /* AdobeStock_93996598.jpeg */ = {isa = PBXFileReference; lastKnownFileType = image.jpeg; path = AdobeStock_93996598.jpeg; sourceTree = "<group>"; };
		59923ABE1C8CA38A005F34B0 /* MyGram.app */ = {isa = PBXFileReference; explicitFileType = wrapper.application; includeInIndex = 0; path = MyGram.app; sourceTree = BUILT_PRODUCTS_DIR; };
		59923AC11C8CA38A005F34B0 /* AppDelegate.swift */ = {isa = PBXFileReference; lastKnownFileType = sourcecode.swift; path = AppDelegate.swift; sourceTree = "<group>"; };
		59923AC31C8CA38A005F34B0 /* ViewController.swift */ = {isa = PBXFileReference; lastKnownFileType = sourcecode.swift; path = ViewController.swift; sourceTree = "<group>"; };
		59923AC61C8CA38A005F34B0 /* Base */ = {isa = PBXFileReference; lastKnownFileType = file.storyboard; name = Base; path = Base.lproj/Main.storyboard; sourceTree = "<group>"; };
		59923AC81C8CA38A005F34B0 /* Assets.xcassets */ = {isa = PBXFileReference; lastKnownFileType = folder.assetcatalog; path = Assets.xcassets; sourceTree = "<group>"; };
		59923ACB1C8CA38A005F34B0 /* Base */ = {isa = PBXFileReference; lastKnownFileType = file.storyboard; name = Base; path = Base.lproj/LaunchScreen.storyboard; sourceTree = "<group>"; };
		59923ACD1C8CA38A005F34B0 /* Info.plist */ = {isa = PBXFileReference; lastKnownFileType = text.plist.xml; path = Info.plist; sourceTree = "<group>"; };
		59923AD31C8CA5A5005F34B0 /* cell.swift */ = {isa = PBXFileReference; fileEncoding = 4; lastKnownFileType = sourcecode.swift; path = cell.swift; sourceTree = "<group>"; };
		59923AD51C8CA5B5005F34B0 /* FeedTableViewController.swift */ = {isa = PBXFileReference; fileEncoding = 4; lastKnownFileType = sourcecode.swift; path = FeedTableViewController.swift; sourceTree = "<group>"; };
		59923AD61C8CA5B5005F34B0 /* PostImageViewController.swift */ = {isa = PBXFileReference; fileEncoding = 4; lastKnownFileType = sourcecode.swift; path = PostImageViewController.swift; sourceTree = "<group>"; };
		59923AD71C8CA5B5005F34B0 /* TableViewController.swift */ = {isa = PBXFileReference; fileEncoding = 4; lastKnownFileType = sourcecode.swift; path = TableViewController.swift; sourceTree = "<group>"; };
		59923ADC1C8CA62D005F34B0 /* Bolts.framework */ = {isa = PBXFileReference; lastKnownFileType = wrapper.framework; path = Bolts.framework; sourceTree = "<group>"; };
		59923ADD1C8CA62D005F34B0 /* Parse.framework */ = {isa = PBXFileReference; lastKnownFileType = wrapper.framework; path = Parse.framework; sourceTree = "<group>"; };
		59923ADE1C8CA62D005F34B0 /* ParseFacebookUtils.framework */ = {isa = PBXFileReference; lastKnownFileType = wrapper.framework; path = ParseFacebookUtils.framework; sourceTree = "<group>"; };
		59923ADF1C8CA62D005F34B0 /* ParseFacebookUtilsV4.framework */ = {isa = PBXFileReference; lastKnownFileType = wrapper.framework; path = ParseFacebookUtilsV4.framework; sourceTree = "<group>"; };
		59923AE01C8CA62D005F34B0 /* ParseTwitterUtils.framework */ = {isa = PBXFileReference; lastKnownFileType = wrapper.framework; path = ParseTwitterUtils.framework; sourceTree = "<group>"; };
		59923AE11C8CA62D005F34B0 /* ParseUI.framework */ = {isa = PBXFileReference; lastKnownFileType = wrapper.framework; path = ParseUI.framework; sourceTree = "<group>"; };
		59923AE81C8CA68F005F34B0 /* CoreLocation.framework */ = {isa = PBXFileReference; lastKnownFileType = wrapper.framework; name = CoreLocation.framework; path = System/Library/Frameworks/CoreLocation.framework; sourceTree = SDKROOT; };
		59923AEA1C8CA699005F34B0 /* Security.framework */ = {isa = PBXFileReference; lastKnownFileType = wrapper.framework; name = Security.framework; path = System/Library/Frameworks/Security.framework; sourceTree = SDKROOT; };
		59923AEC1C8CA6A4005F34B0 /* StoreKit.framework */ = {isa = PBXFileReference; lastKnownFileType = wrapper.framework; name = StoreKit.framework; path = System/Library/Frameworks/StoreKit.framework; sourceTree = SDKROOT; };
		59923AEE1C8CA6B0005F34B0 /* libz.tbd */ = {isa = PBXFileReference; lastKnownFileType = "sourcecode.text-based-dylib-definition"; name = libz.tbd; path = usr/lib/libz.tbd; sourceTree = SDKROOT; };
		59923AF01C8CA6BB005F34B0 /* libsqlite3.tbd */ = {isa = PBXFileReference; lastKnownFileType = "sourcecode.text-based-dylib-definition"; name = libsqlite3.tbd; path = usr/lib/libsqlite3.tbd; sourceTree = SDKROOT; };
		59923AF21C8CA7FE005F34B0 /* AudioToolbox.framework */ = {isa = PBXFileReference; lastKnownFileType = wrapper.framework; name = AudioToolbox.framework; path = System/Library/Frameworks/AudioToolbox.framework; sourceTree = SDKROOT; };
		59923AF41C8CA806005F34B0 /* CFNetwork.framework */ = {isa = PBXFileReference; lastKnownFileType = wrapper.framework; name = CFNetwork.framework; path = System/Library/Frameworks/CFNetwork.framework; sourceTree = SDKROOT; };
		59923AF61C8CA80E005F34B0 /* CoreGraphics.framework */ = {isa = PBXFileReference; lastKnownFileType = wrapper.framework; name = CoreGraphics.framework; path = System/Library/Frameworks/CoreGraphics.framework; sourceTree = SDKROOT; };
		59923AF81C8CA824005F34B0 /* QuartzCore.framework */ = {isa = PBXFileReference; lastKnownFileType = wrapper.framework; name = QuartzCore.framework; path = System/Library/Frameworks/QuartzCore.framework; sourceTree = SDKROOT; };
		59923AFA1C8CA84F005F34B0 /* SystemConfiguration.framework */ = {isa = PBXFileReference; lastKnownFileType = wrapper.framework; name = SystemConfiguration.framework; path = System/Library/Frameworks/SystemConfiguration.framework; sourceTree = SDKROOT; };
		59923AFD1C8CB8C6005F34B0 /* SignUpViewController.swift */ = {isa = PBXFileReference; fileEncoding = 4; lastKnownFileType = sourcecode.swift; path = SignUpViewController.swift; sourceTree = "<group>"; };
		599BA8311C90052F00931FC2 /* camera.jpg */ = {isa = PBXFileReference; lastKnownFileType = image.jpeg; path = camera.jpg; sourceTree = "<group>"; };
		59FA82DF1C8F84A600A90D55 /* profile.png */ = {isa = PBXFileReference; lastKnownFileType = image.png; path = profile.png; sourceTree = "<group>"; };
/* End PBXFileReference section */

/* Begin PBXFrameworksBuildPhase section */
		59923ABB1C8CA38A005F34B0 /* Frameworks */ = {
			isa = PBXFrameworksBuildPhase;
			buildActionMask = 2147483647;
			files = (
				59923AFB1C8CA84F005F34B0 /* SystemConfiguration.framework in Frameworks */,
				59923AED1C8CA6A4005F34B0 /* StoreKit.framework in Frameworks */,
				59923AF91C8CA824005F34B0 /* QuartzCore.framework in Frameworks */,
				59923AF71C8CA80E005F34B0 /* CoreGraphics.framework in Frameworks */,
				59923AF51C8CA806005F34B0 /* CFNetwork.framework in Frameworks */,
				59923AF31C8CA7FE005F34B0 /* AudioToolbox.framework in Frameworks */,
				59923AF11C8CA6BB005F34B0 /* libsqlite3.tbd in Frameworks */,
				59923AEF1C8CA6B0005F34B0 /* libz.tbd in Frameworks */,
				59923AEB1C8CA699005F34B0 /* Security.framework in Frameworks */,
				59923AE91C8CA68F005F34B0 /* CoreLocation.framework in Frameworks */,
				59923AE71C8CA62D005F34B0 /* ParseUI.framework in Frameworks */,
				59923AE31C8CA62D005F34B0 /* Parse.framework in Frameworks */,
				59923AE21C8CA62D005F34B0 /* Bolts.framework in Frameworks */,
				59923AE51C8CA62D005F34B0 /* ParseFacebookUtilsV4.framework in Frameworks */,
				59923AE41C8CA62D005F34B0 /* ParseFacebookUtils.framework in Frameworks */,
				59923AE61C8CA62D005F34B0 /* ParseTwitterUtils.framework in Frameworks */,
			);
			runOnlyForDeploymentPostprocessing = 0;
		};
/* End PBXFrameworksBuildPhase section */

/* Begin PBXGroup section */
		59923AB51C8CA38A005F34B0 = {
			isa = PBXGroup;
			children = (
				59923AC01C8CA38A005F34B0 /* MyGram */,
				59923ABF1C8CA38A005F34B0 /* Products */,
				59FA82E11C8F84B600A90D55 /* Images */,
				59923ADB1C8CA62D005F34B0 /* parse-library-1-2 */,
			);
			sourceTree = "<group>";
		};
		59923ABF1C8CA38A005F34B0 /* Products */ = {
			isa = PBXGroup;
			children = (
				59923ABE1C8CA38A005F34B0 /* MyGram.app */,
			);
			name = Products;
			sourceTree = "<group>";
		};
		59923AC01C8CA38A005F34B0 /* MyGram */ = {
			isa = PBXGroup;
			children = (
				59923AC11C8CA38A005F34B0 /* AppDelegate.swift */,
				59923AC31C8CA38A005F34B0 /* ViewController.swift */,
				59923AC51C8CA38A005F34B0 /* Main.storyboard */,
				5956B0B71C8FC8FC0075B79A /* EditProfileViewController.swift */,
				59923AFD1C8CB8C6005F34B0 /* SignUpViewController.swift */,
				59923AC81C8CA38A005F34B0 /* Assets.xcassets */,
				59923ACA1C8CA38A005F34B0 /* LaunchScreen.storyboard */,
				59923AD31C8CA5A5005F34B0 /* cell.swift */,
				59923ACD1C8CA38A005F34B0 /* Info.plist */,
				59923AD51C8CA5B5005F34B0 /* FeedTableViewController.swift */,
				59923AD61C8CA5B5005F34B0 /* PostImageViewController.swift */,
				59923AD71C8CA5B5005F34B0 /* TableViewController.swift */,
				0D58A0A11C8E2EA20076F47B /* ProfileTableViewController.swift */,
			);
			path = MyGram;
			sourceTree = "<group>";
		};
		59923ADB1C8CA62D005F34B0 /* parse-library-1-2 */ = {
			isa = PBXGroup;
			children = (
				59923AFA1C8CA84F005F34B0 /* SystemConfiguration.framework */,
				59923AF81C8CA824005F34B0 /* QuartzCore.framework */,
				59923AF61C8CA80E005F34B0 /* CoreGraphics.framework */,
				59923AF41C8CA806005F34B0 /* CFNetwork.framework */,
				59923AF21C8CA7FE005F34B0 /* AudioToolbox.framework */,
				59923AEC1C8CA6A4005F34B0 /* StoreKit.framework */,
				59923AEA1C8CA699005F34B0 /* Security.framework */,
				59923AE81C8CA68F005F34B0 /* CoreLocation.framework */,
				59923AF01C8CA6BB005F34B0 /* libsqlite3.tbd */,
				59923AEE1C8CA6B0005F34B0 /* libz.tbd */,
				59923ADC1C8CA62D005F34B0 /* Bolts.framework */,
				59923ADD1C8CA62D005F34B0 /* Parse.framework */,
				59923ADE1C8CA62D005F34B0 /* ParseFacebookUtils.framework */,
				59923ADF1C8CA62D005F34B0 /* ParseFacebookUtilsV4.framework */,
				59923AE01C8CA62D005F34B0 /* ParseTwitterUtils.framework */,
				59923AE11C8CA62D005F34B0 /* ParseUI.framework */,
			);
			path = "parse-library-1-2";
			sourceTree = "<group>";
		};
		59FA82E11C8F84B600A90D55 /* Images */ = {
			isa = PBXGroup;
			children = (
				599BA8311C90052F00931FC2 /* camera.jpg */,
				5975B40C1C8E9EFF0096FB4F /* AdobeStock_55512892.jpeg */,
				5975B40E1C8E9F5A0096FB4F /* AdobeStock_93996598.jpeg */,
				59FA82DF1C8F84A600A90D55 /* profile.png */,
			);
			name = Images;
			sourceTree = "<group>";
		};
/* End PBXGroup section */

/* Begin PBXNativeTarget section */
		59923ABD1C8CA38A005F34B0 /* MyGram */ = {
			isa = PBXNativeTarget;
			buildConfigurationList = 59923AD01C8CA38A005F34B0 /* Build configuration list for PBXNativeTarget "MyGram" */;
			buildPhases = (
				59923ABA1C8CA38A005F34B0 /* Sources */,
				59923ABB1C8CA38A005F34B0 /* Frameworks */,
				59923ABC1C8CA38A005F34B0 /* Resources */,
			);
			buildRules = (
			);
			dependencies = (
			);
			name = MyGram;
			productName = MyGram;
			productReference = 59923ABE1C8CA38A005F34B0 /* MyGram.app */;
			productType = "com.apple.product-type.application";
		};
/* End PBXNativeTarget section */

/* Begin PBXProject section */
		59923AB61C8CA38A005F34B0 /* Project object */ = {
			isa = PBXProject;
			attributes = {
				LastSwiftUpdateCheck = 0720;
				LastUpgradeCheck = 0720;
				ORGANIZATIONNAME = "Javier Gomez";
				TargetAttributes = {
					59923ABD1C8CA38A005F34B0 = {
						CreatedOnToolsVersion = 7.2.1;
						DevelopmentTeam = SJK4QJY486;
					};
				};
			};
			buildConfigurationList = 59923AB91C8CA38A005F34B0 /* Build configuration list for PBXProject "MyGram" */;
			compatibilityVersion = "Xcode 3.2";
			developmentRegion = English;
			hasScannedForEncodings = 0;
			knownRegions = (
				en,
				Base,
			);
			mainGroup = 59923AB51C8CA38A005F34B0;
			productRefGroup = 59923ABF1C8CA38A005F34B0 /* Products */;
			projectDirPath = "";
			projectRoot = "";
			targets = (
				59923ABD1C8CA38A005F34B0 /* MyGram */,
			);
		};
/* End PBXProject section */

/* Begin PBXResourcesBuildPhase section */
		59923ABC1C8CA38A005F34B0 /* Resources */ = {
			isa = PBXResourcesBuildPhase;
			buildActionMask = 2147483647;
			files = (
				59923AFC1C8CAB1B005F34B0 /* Main.storyboard in Resources */,
				599BA8321C90052F00931FC2 /* camera.jpg in Resources */,
				59FA82E01C8F84A600A90D55 /* profile.png in Resources */,
				59923ACC1C8CA38A005F34B0 /* LaunchScreen.storyboard in Resources */,
				5975B40D1C8E9EFF0096FB4F /* AdobeStock_55512892.jpeg in Resources */,
				5975B40F1C8E9F5A0096FB4F /* AdobeStock_93996598.jpeg in Resources */,
				59923AC91C8CA38A005F34B0 /* Assets.xcassets in Resources */,
			);
			runOnlyForDeploymentPostprocessing = 0;
		};
/* End PBXResourcesBuildPhase section */

/* Begin PBXSourcesBuildPhase section */
		59923ABA1C8CA38A005F34B0 /* Sources */ = {
			isa = PBXSourcesBuildPhase;
			buildActionMask = 2147483647;
			files = (
				59923AD91C8CA5B5005F34B0 /* PostImageViewController.swift in Sources */,
				59923AFE1C8CB8C6005F34B0 /* SignUpViewController.swift in Sources */,
				59923ADA1C8CA5B5005F34B0 /* TableViewController.swift in Sources */,
				59923AC41C8CA38A005F34B0 /* ViewController.swift in Sources */,
				59923AD41C8CA5A5005F34B0 /* cell.swift in Sources */,
				59923AC21C8CA38A005F34B0 /* AppDelegate.swift in Sources */,
				0D58A0A21C8E2EA20076F47B /* ProfileTableViewController.swift in Sources */,
				59923AD81C8CA5B5005F34B0 /* FeedTableViewController.swift in Sources */,
				5956B0B81C8FC8FC0075B79A /* EditProfileViewController.swift in Sources */,
			);
			runOnlyForDeploymentPostprocessing = 0;
		};
/* End PBXSourcesBuildPhase section */

/* Begin PBXVariantGroup section */
		59923AC51C8CA38A005F34B0 /* Main.storyboard */ = {
			isa = PBXVariantGroup;
			children = (
				59923AC61C8CA38A005F34B0 /* Base */,
			);
			name = Main.storyboard;
			sourceTree = "<group>";
		};
		59923ACA1C8CA38A005F34B0 /* LaunchScreen.storyboard */ = {
			isa = PBXVariantGroup;
			children = (
				59923ACB1C8CA38A005F34B0 /* Base */,
			);
			name = LaunchScreen.storyboard;
			sourceTree = "<group>";
		};
/* End PBXVariantGroup section */

/* Begin XCBuildConfiguration section */
		59923ACE1C8CA38A005F34B0 /* Debug */ = {
			isa = XCBuildConfiguration;
			buildSettings = {
				ALWAYS_SEARCH_USER_PATHS = NO;
				CLANG_CXX_LANGUAGE_STANDARD = "gnu++0x";
				CLANG_CXX_LIBRARY = "libc++";
				CLANG_ENABLE_MODULES = YES;
				CLANG_ENABLE_OBJC_ARC = YES;
				CLANG_WARN_BOOL_CONVERSION = YES;
				CLANG_WARN_CONSTANT_CONVERSION = YES;
				CLANG_WARN_DIRECT_OBJC_ISA_USAGE = YES_ERROR;
				CLANG_WARN_EMPTY_BODY = YES;
				CLANG_WARN_ENUM_CONVERSION = YES;
				CLANG_WARN_INT_CONVERSION = YES;
				CLANG_WARN_OBJC_ROOT_CLASS = YES_ERROR;
				CLANG_WARN_UNREACHABLE_CODE = YES;
				CLANG_WARN__DUPLICATE_METHOD_MATCH = YES;
				"CODE_SIGN_IDENTITY[sdk=iphoneos*]" = "iPhone Developer";
				COPY_PHASE_STRIP = NO;
				DEBUG_INFORMATION_FORMAT = dwarf;
				ENABLE_STRICT_OBJC_MSGSEND = YES;
				ENABLE_TESTABILITY = YES;
				GCC_C_LANGUAGE_STANDARD = gnu99;
				GCC_DYNAMIC_NO_PIC = NO;
				GCC_NO_COMMON_BLOCKS = YES;
				GCC_OPTIMIZATION_LEVEL = 0;
				GCC_PREPROCESSOR_DEFINITIONS = (
					"DEBUG=1",
					"$(inherited)",
				);
				GCC_WARN_64_TO_32_BIT_CONVERSION = YES;
				GCC_WARN_ABOUT_RETURN_TYPE = YES_ERROR;
				GCC_WARN_UNDECLARED_SELECTOR = YES;
				GCC_WARN_UNINITIALIZED_AUTOS = YES_AGGRESSIVE;
				GCC_WARN_UNUSED_FUNCTION = YES;
				GCC_WARN_UNUSED_VARIABLE = YES;
				IPHONEOS_DEPLOYMENT_TARGET = 9.0;
				MTL_ENABLE_DEBUG_INFO = YES;
				ONLY_ACTIVE_ARCH = YES;
				SDKROOT = iphoneos;
				SWIFT_OPTIMIZATION_LEVEL = "-Onone";
			};
			name = Debug;
		};
		59923ACF1C8CA38A005F34B0 /* Release */ = {
			isa = XCBuildConfiguration;
			buildSettings = {
				ALWAYS_SEARCH_USER_PATHS = NO;
				CLANG_CXX_LANGUAGE_STANDARD = "gnu++0x";
				CLANG_CXX_LIBRARY = "libc++";
				CLANG_ENABLE_MODULES = YES;
				CLANG_ENABLE_OBJC_ARC = YES;
				CLANG_WARN_BOOL_CONVERSION = YES;
				CLANG_WARN_CONSTANT_CONVERSION = YES;
				CLANG_WARN_DIRECT_OBJC_ISA_USAGE = YES_ERROR;
				CLANG_WARN_EMPTY_BODY = YES;
				CLANG_WARN_ENUM_CONVERSION = YES;
				CLANG_WARN_INT_CONVERSION = YES;
				CLANG_WARN_OBJC_ROOT_CLASS = YES_ERROR;
				CLANG_WARN_UNREACHABLE_CODE = YES;
				CLANG_WARN__DUPLICATE_METHOD_MATCH = YES;
				"CODE_SIGN_IDENTITY[sdk=iphoneos*]" = "iPhone Developer";
				COPY_PHASE_STRIP = NO;
				DEBUG_INFORMATION_FORMAT = "dwarf-with-dsym";
				ENABLE_NS_ASSERTIONS = NO;
				ENABLE_STRICT_OBJC_MSGSEND = YES;
				GCC_C_LANGUAGE_STANDARD = gnu99;
				GCC_NO_COMMON_BLOCKS = YES;
				GCC_WARN_64_TO_32_BIT_CONVERSION = YES;
				GCC_WARN_ABOUT_RETURN_TYPE = YES_ERROR;
				GCC_WARN_UNDECLARED_SELECTOR = YES;
				GCC_WARN_UNINITIALIZED_AUTOS = YES_AGGRESSIVE;
				GCC_WARN_UNUSED_FUNCTION = YES;
				GCC_WARN_UNUSED_VARIABLE = YES;
				IPHONEOS_DEPLOYMENT_TARGET = 9.0;
				MTL_ENABLE_DEBUG_INFO = NO;
				SDKROOT = iphoneos;
				VALIDATE_PRODUCT = YES;
			};
			name = Release;
		};
		59923AD11C8CA38A005F34B0 /* Debug */ = {
			isa = XCBuildConfiguration;
			buildSettings = {
				ASSETCATALOG_COMPILER_APPICON_NAME = AppIcon;
				CODE_SIGN_IDENTITY = "iPhone Developer";
				FRAMEWORK_SEARCH_PATHS = (
					"$(inherited)",
					"$(PROJECT_DIR)/parse-library-1-2",
				);
				INFOPLIST_FILE = MyGram/Info.plist;
				IPHONEOS_DEPLOYMENT_TARGET = 9.0;
				LD_RUNPATH_SEARCH_PATHS = "$(inherited) @executable_path/Frameworks";
				PRODUCT_BUNDLE_IDENTIFIER = com.javiergomezios.MyGram;
				PRODUCT_NAME = "$(TARGET_NAME)";
			};
			name = Debug;
		};
		59923AD21C8CA38A005F34B0 /* Release */ = {
			isa = XCBuildConfiguration;
			buildSettings = {
				ASSETCATALOG_COMPILER_APPICON_NAME = AppIcon;
				CODE_SIGN_IDENTITY = "iPhone Developer";
				FRAMEWORK_SEARCH_PATHS = (
					"$(inherited)",
					"$(PROJECT_DIR)/parse-library-1-2",
				);
				INFOPLIST_FILE = MyGram/Info.plist;
				IPHONEOS_DEPLOYMENT_TARGET = 9.0;
				LD_RUNPATH_SEARCH_PATHS = "$(inherited) @executable_path/Frameworks";
				PRODUCT_BUNDLE_IDENTIFIER = com.javiergomezios.MyGram;
				PRODUCT_NAME = "$(TARGET_NAME)";
			};
			name = Release;
		};
/* End XCBuildConfiguration section */

/* Begin XCConfigurationList section */
		59923AB91C8CA38A005F34B0 /* Build configuration list for PBXProject "MyGram" */ = {
			isa = XCConfigurationList;
			buildConfigurations = (
				59923ACE1C8CA38A005F34B0 /* Debug */,
				59923ACF1C8CA38A005F34B0 /* Release */,
			);
			defaultConfigurationIsVisible = 0;
			defaultConfigurationName = Release;
		};
		59923AD01C8CA38A005F34B0 /* Build configuration list for PBXNativeTarget "MyGram" */ = {
			isa = XCConfigurationList;
			buildConfigurations = (
				59923AD11C8CA38A005F34B0 /* Debug */,
				59923AD21C8CA38A005F34B0 /* Release */,
			);
			defaultConfigurationIsVisible = 0;
			defaultConfigurationName = Release;
		};
/* End XCConfigurationList section */
	};
	rootObject = 59923AB61C8CA38A005F34B0 /* Project object */;
}
